
Microsoft Visual Studio Solution File, Format Version 12.00
# Visual Studio Version 17
VisualStudioVersion = 17.2.32602.215
MinimumVisualStudioVersion = 10.0.40219.1
Project("{FAE04EC0-301F-11D3-BF4B-00C04F79EFBC}") = "FibonacciSeq", "FibonacciSeq.csproj", "{463CB8C6-8244-4B77-93E9-76A5AB145607}"
EndProject
Global
	GlobalSection(SolutionConfigurationPlatforms) = preSolution
		Debug|Any CPU = Debug|Any CPU
		Release|Any CPU = Release|Any CPU
	EndGlobalSection
	GlobalSection(ProjectConfigurationPlatforms) = postSolution
		{463CB8C6-8244-4B77-93E9-76A5AB145607}.Debug|Any CPU.ActiveCfg = Debug|Any CPU
		{463CB8C6-8244-4B77-93E9-76A5AB145607}.Debug|Any CPU.Build.0 = Debug|Any CPU
		{463CB8C6-8244-4B77-93E9-76A5AB145607}.Release|Any CPU.ActiveCfg = Release|Any CPU
		{463CB8C6-8244-4B77-93E9-76A5AB145607}.Release|Any CPU.Build.0 = Release|Any CPU
	EndGlobalSection
	GlobalSection(SolutionProperties) = preSolution
		HideSolutionNode = FALSE
	EndGlobalSection
	GlobalSection(ExtensibilityGlobals) = postSolution
		SolutionGuid = {7FC790A2-6611-4541-A413-AD0CFEA836A5}
	EndGlobalSection
EndGlobal
